{
  "lockfileVersion": 1,
  "workspaces": {
    "": {
      "dependencies": {
        "@types/fs-extra": "^11.0.4",
        "bun": "^1.2.8",
        "fs": "^0.0.1-security",
        "fs-extra": "^11.3.0",
        "path": "^0.12.7",
      },
    },
  },
  "packages": {
    "@oven/bun-darwin-aarch64": ["@oven/bun-darwin-aarch64@1.2.8", "", { "os": "darwin", "cpu": "arm64" }, "sha512-O97RiReqBVzno5qLgoFX/dYI+xO+jSTIw0S+Cp1MRedXMZEqEgi8ql3ExWpteZyvUGBiXdvc0sQSOQwPoEwiPA=="],

    "@oven/bun-darwin-x64": ["@oven/bun-darwin-x64@1.2.8", "", { "os": "darwin", "cpu": "x64" }, "sha512-aofXwEl3ZzQgiOw/ITzAlXIpQiWeslvIVxol5/n/7Dv8Ekfrqhvo+j/uvEvY0KDECUn8gNIHwa839d701u/rhA=="],

    "@oven/bun-darwin-x64-baseline": ["@oven/bun-darwin-x64-baseline@1.2.8", "", { "os": "darwin", "cpu": "x64" }, "sha512-SqckVEKEALPJ1TLE+w1xlieZW5coRmmm2nxV5sxMs5BqUb6asrhJ+Wp51KePScvb2ctN7A00SGpROxVq2IA5GQ=="],

    "@oven/bun-linux-aarch64": ["@oven/bun-linux-aarch64@1.2.8", "", { "os": "linux", "cpu": "arm64" }, "sha512-BYzMj7H49xwmUBlHwfIXm/ky1D8yZyyVOnyRDNLTT+3+/odw7TTz3/+lZEBPGyet2tZ6oyBeis1xSZ9vYwSzZA=="],

    "@oven/bun-linux-aarch64-musl": ["@oven/bun-linux-aarch64-musl@1.2.8", "", { "os": "linux", "cpu": "none" }, "sha512-rl15SGTFCNj1PE/I2VpUc4XvOZXDCPlqgJGTAObH7+731ET6wgclAehp0x7s2qdyDN4awPnOtold+FYvMH/g9Q=="],

    "@oven/bun-linux-x64": ["@oven/bun-linux-x64@1.2.8", "", { "os": "linux", "cpu": "x64" }, "sha512-AzvrOAUGsKI9U7eYIbJbgtLVq9Jhx8dExt9QY6PtCgBklUlpTBU+9T+HPgXJqtIJYGtn9C9W4EBGjq9fEgy08A=="],

    "@oven/bun-linux-x64-baseline": ["@oven/bun-linux-x64-baseline@1.2.8", "", { "os": "linux", "cpu": "x64" }, "sha512-j0SxtM9XYCE0N7vnUzuYfnP2iFSoTsQ7pF+K0DPUr/+zmBVJ5tcZUU3xRPc4St86zSrMUD3J2tIUTNksxo81sw=="],

    "@oven/bun-linux-x64-musl": ["@oven/bun-linux-x64-musl@1.2.8", "", { "os": "linux", "cpu": "x64" }, "sha512-NgjwsqRWRbCycTlLxg2mka3ZW8cnLPwkmg/zWRe9yjMutU7TGPV0Ak8cCf9PvA6Xgmrz+/HSO1ohO6Pii6Tb3w=="],

    "@oven/bun-linux-x64-musl-baseline": ["@oven/bun-linux-x64-musl-baseline@1.2.8", "", { "os": "linux", "cpu": "x64" }, "sha512-JbkQ452sYyK/TZGCvYz5eCmnlIazhPqkuEfZDwr9K2hfaY8JGJKwkC1sLxM3yvfoXzPgDrPFvYGBU75hmrJHTQ=="],

    "@oven/bun-windows-x64": ["@oven/bun-windows-x64@1.2.8", "", { "os": "win32", "cpu": "x64" }, "sha512-9nQ45l6LCG+v0AUoBQrrSqsznO0Y36EyQ9sJmDYsI4faPmkHd+cQiyNnMFO5vIwjTXbB3Hb65ql7bjNYbP/O5g=="],

    "@oven/bun-windows-x64-baseline": ["@oven/bun-windows-x64-baseline@1.2.8", "", { "os": "win32", "cpu": "x64" }, "sha512-fVZ1hNhA9Gph76jToSc5lglNO7Y349v4IUwZaBH25ypenyPPrBoxH11D8v/EB95CsUej4KyWieYcxUiTNZUVmg=="],

    "@types/fs-extra": ["@types/fs-extra@11.0.4", "", { "dependencies": { "@types/jsonfile": "*", "@types/node": "*" } }, "sha512-yTbItCNreRooED33qjunPthRcSjERP1r4MqCZc7wv0u2sUkzTFp45tgUfS5+r7FrZPdmCCNflLhVSP/o+SemsQ=="],

    "@types/jsonfile": ["@types/jsonfile@6.1.4", "", { "dependencies": { "@types/node": "*" } }, "sha512-D5qGUYwjvnNNextdU59/+fI+spnwtTFmyQP0h+PfIOSkNfpU6AOICUOkm4i0OnSk+NyjdPJrxCDro0sJsWlRpQ=="],

    "@types/node": ["@types/node@22.14.0", "", { "dependencies": { "undici-types": "~6.21.0" } }, "sha512-Kmpl+z84ILoG+3T/zQFyAJsU6EPTmOCj8/2+83fSN6djd6I4o7uOuGIH6vq3PrjY5BGitSbFuMN18j3iknubbA=="],

    "bun": ["bun@1.2.8", "", { "optionalDependencies": { "@oven/bun-darwin-aarch64": "1.2.8", "@oven/bun-darwin-x64": "1.2.8", "@oven/bun-darwin-x64-baseline": "1.2.8", "@oven/bun-linux-aarch64": "1.2.8", "@oven/bun-linux-aarch64-musl": "1.2.8", "@oven/bun-linux-x64": "1.2.8", "@oven/bun-linux-x64-baseline": "1.2.8", "@oven/bun-linux-x64-musl": "1.2.8", "@oven/bun-linux-x64-musl-baseline": "1.2.8", "@oven/bun-windows-x64": "1.2.8", "@oven/bun-windows-x64-baseline": "1.2.8" }, "os": [ "linux", "win32", "darwin", ], "cpu": [ "x64", "arm64", ], "bin": { "bun": "bin/bun.exe", "bunx": "bin/bun.exe" } }, "sha512-X8r9UuXAruvpE37u/JVfvJI8KRdFf9hUdTLw00DMScnBe7Xerawd/VvmFVT9Y/NrmXDAdDp0Dm6N6bulZYTGvA=="],

    "fs": ["fs@0.0.1-security", "", {}, "sha512-3XY9e1pP0CVEUCdj5BmfIZxRBTSDycnbqhIOGec9QYtmVH2fbLpj86CFWkrNOkt/Fvty4KZG5lTglL9j/gJ87w=="],

    "fs-extra": ["fs-extra@11.3.0", "", { "dependencies": { "graceful-fs": "^4.2.0", "jsonfile": "^6.0.1", "universalify": "^2.0.0" } }, "sha512-Z4XaCL6dUDHfP/jT25jJKMmtxvuwbkrD1vNSMFlo9lNLY2c5FHYSQgHPRZUjAB26TpDEoW9HCOgplrdbaPV/ew=="],

    "graceful-fs": ["graceful-fs@4.2.11", "", {}, "sha512-RbJ5/jmFcNNCcDV5o9eTnBLJ/HszWV0P73bc+Ff4nS/rJj+YaS6IGyiOL0VoBYX+l1Wrl3k63h/KrH+nhJ0XvQ=="],

    "inherits": ["inherits@2.0.3", "", {}, "sha512-x00IRNXNy63jwGkJmzPigoySHbaqpNuzKbBOmzK+g2OdZpQ9w+sxCN+VSB3ja7IAge2OP2qpfxTjeNcyjmW1uw=="],

    "jsonfile": ["jsonfile@6.1.0", "", { "dependencies": { "universalify": "^2.0.0" }, "optionalDependencies": { "graceful-fs": "^4.1.6" } }, "sha512-5dgndWOriYSm5cnYaJNhalLNDKOqFwyDB/rr1E9ZsGciGvKPs8R2xYGCacuf3z6K1YKDz182fd+fY3cn3pMqXQ=="],

    "path": ["path@0.12.7", "", { "dependencies": { "process": "^0.11.1", "util": "^0.10.3" } }, "sha512-aXXC6s+1w7otVF9UletFkFcDsJeO7lSZBPUQhtb5O0xJe8LtYhj/GxldoL09bBj9+ZmE2hNoHqQSFMN5fikh4Q=="],

    "process": ["process@0.11.10", "", {}, "sha512-cdGef/drWFoydD1JsMzuFf8100nZl+GT+yacc2bEced5f9Rjk4z+WtFUTBu9PhOi9j/jfmBPu0mMEY4wIdAF8A=="],

    "undici-types": ["undici-types@6.21.0", "", {}, "sha512-iwDZqg0QAGrg9Rav5H4n0M64c3mkR59cJ6wQp+7C4nI0gsmExaedaYLNO44eT4AtBBwjbTiGPMlt2Md0T9H9JQ=="],

    "universalify": ["universalify@2.0.1", "", {}, "sha512-gptHNQghINnc/vTGIk0SOFGFNXw7JVrlRUtConJRlvaw6DuX0wO5Jeko9sWrMBhh+PsYAZ7oXAiOnf/UKogyiw=="],

    "util": ["util@0.10.4", "", { "dependencies": { "inherits": "2.0.3" } }, "sha512-0Pm9hTQ3se5ll1XihRic3FDIku70C+iHUdT/W926rSgHV5QgXsYbKZN8MSC3tJtSkhuROzvsQjAaFENRXr+19A=="],
  }
}
